{
  "name": "Juke-Joint",
  "lockfileVersion": 3,
  "requires": true,
  "packages": {
    "": {
      "dependencies": {
        "slider": "^1.0.4"
      }
    },
    "node_modules/bean": {
      "version": "1.0.15",
      "resolved": "https://registry.npmjs.org/bean/-/bean-1.0.15.tgz",
      "integrity": "sha512-/X7mF8caOC3qZYSJu62wEJ7AO5/ZIKwwvjBFded5s8IDdRLJSAXfYLJaNPIa/ALThJIWtqtJbbfGbGOjISX1bw=="
    },
    "node_modules/bonzo": {
      "version": "2.0.0",
      "resolved": "https://registry.npmjs.org/bonzo/-/bonzo-2.0.0.tgz",
      "integrity": "sha512-RQG5bX6VhxP6H8hOcU5LNk9FmfKwppbxVj8J1cVSZcHYyKaxyC+tV5VUhRYzpgsw5AsYmlsQpBLIGu6DPXPngA=="
    },
    "node_modules/domready": {
      "version": "1.0.8",
      "resolved": "https://registry.npmjs.org/domready/-/domready-1.0.8.tgz",
      "integrity": "sha512-uIzsOJUNk+AdGE9a6VDeessoMCzF8RrZvJCX/W8QtyfgdR6Uofn/MvRonih3OtCO79b2VDzDOymuiABrQ4z3XA=="
    },
    "node_modules/emile": {
      "version": "1.0.5",
      "resolved": "https://registry.npmjs.org/emile/-/emile-1.0.5.tgz",
      "integrity": "sha512-G0W2OdvogpS0XgFE3yeSIgQLxNpbrY8ssi+sgvpjENSqkOu2m91caJsprwAtDWKh7rrpa7O1C5HaU9EnnbzA/A==",
      "engines": {
        "node": "*"
      }
    },
    "node_modules/jeesh": {
      "version": "0.0.6",
      "resolved": "https://registry.npmjs.org/jeesh/-/jeesh-0.0.6.tgz",
      "integrity": "sha512-lGsMRVjOvtd4vAdlM2fq/7oVvls6/gIaDBOiypwYF8O1nhr5pqc2kw74GT4Fp/BBqJtEDA32cOdeMiVRvbMCYQ==",
      "dependencies": {
        "bean": "*",
        "bonzo": "*",
        "domready": "*",
        "qwery": "*"
      },
      "engines": {
        "node": ">= 0.4.0"
      }
    },
    "node_modules/qwery": {
      "version": "4.0.0",
      "resolved": "https://registry.npmjs.org/qwery/-/qwery-4.0.0.tgz",
      "integrity": "sha512-aQapsrAZapZXVbMIUTPsuclkkxU8/nEk3PanYLRu1WaGZoAGxm5BGcq353RVATVfqObBandy8sbAh6gR28TNNg=="
    },
    "node_modules/slider": {
      "version": "1.0.4",
      "resolved": "https://registry.npmjs.org/slider/-/slider-1.0.4.tgz",
      "integrity": "sha512-Q0D38lVkCeTlnVwPDe3yR2G84LU70LjX46tGF9guyVzKRoq7kc/njUVCEeODpxP1957zCpq3o27gj+hRXTLuSw==",
      "dependencies": {
        "emile": "*",
        "jeesh": "*"
      }
    }
  }
}
